PODS:
  - PageMenuController (0.1.16):
    - SnapKit (~> 3.0.0)
  - SnapKit (3.0.2)

DEPENDENCIES:
  - PageMenuController (from `../`)

EXTERNAL SOURCES:
  PageMenuController:
    :path: "../"

SPEC CHECKSUMS:
  PageMenuController: 789be8fe4ecc255a001c4be8dd5eb04f9b579cce
  SnapKit: 2e456761aa92d4d4067a7a5594c18769d451a8ad

PODFILE CHECKSUM: 302bc2aa29fc06c1bf0d6b94883a40d3bad69a7c

COCOAPODS: 1.0.1
