PODS:
  - PageMenuController (1.0.1):
    - SnapKit (~> 3.0.2)
  - SnapKit (3.0.2)

DEPENDENCIES:
  - PageMenuController (~> 1.0.0)

SPEC CHECKSUMS:
  PageMenuController: 7c2ed6fe241910e96848357156d83f98aa7f66ec
  SnapKit: 2e456761aa92d4d4067a7a5594c18769d451a8ad

PODFILE CHECKSUM: d022261fdca1006d2a8b3986cc1af3652961396d

COCOAPODS: 1.1.1
